// !$*UTF8*$!
{
	archiveVersion = 1;
	classes = {
	};
	objectVersion = 56;
	objects = {

/* Begin PBXBuildFile section */
		6E33F3912928D53C00435C84 /* BookmarkTabView.swift in Sources */ = {isa = PBXBuildFile; fileRef = 6E33F3902928D53C00435C84 /* BookmarkTabView.swift */; };
		6E33F3932928E65000435C84 /* DataStore.swift in Sources */ = {isa = PBXBuildFile; fileRef = 6E33F3922928E65000435C84 /* DataStore.swift */; };
		6E33F3B7292E1BAA00435C84 /* ArticleSearchViewModel.swift in Sources */ = {isa = PBXBuildFile; fileRef = 6E33F3B6292E1BAA00435C84 /* ArticleSearchViewModel.swift */; };
		6E33F3B9292E21EE00435C84 /* SearchTabView.swift in Sources */ = {isa = PBXBuildFile; fileRef = 6E33F3B8292E21EE00435C84 /* SearchTabView.swift */; };
		6E33F3BB292E2CDF00435C84 /* SearchHistoryListView.swift in Sources */ = {isa = PBXBuildFile; fileRef = 6E33F3BA292E2CDF00435C84 /* SearchHistoryListView.swift */; };
		6EA7AAEA290EA5370038BB05 /* NewsAppApp.swift in Sources */ = {isa = PBXBuildFile; fileRef = 6EA7AAE9290EA5370038BB05 /* NewsAppApp.swift */; };
		6EA7AAEC290EA5370038BB05 /* ContentView.swift in Sources */ = {isa = PBXBuildFile; fileRef = 6EA7AAEB290EA5370038BB05 /* ContentView.swift */; };
		6EA7AAEE290EA5390038BB05 /* Assets.xcassets in Resources */ = {isa = PBXBuildFile; fileRef = 6EA7AAED290EA5390038BB05 /* Assets.xcassets */; };
		6EA7AAF1290EA5390038BB05 /* Preview Assets.xcassets in Resources */ = {isa = PBXBuildFile; fileRef = 6EA7AAF0290EA5390038BB05 /* Preview Assets.xcassets */; };
		6EA7AAF8290EA8340038BB05 /* news.json in Resources */ = {isa = PBXBuildFile; fileRef = 6EA7AAF7290EA8340038BB05 /* news.json */; };
		6EA7AAFB290EA8BB0038BB05 /* Article.swift in Sources */ = {isa = PBXBuildFile; fileRef = 6EA7AAFA290EA8BB0038BB05 /* Article.swift */; };
		6EA7AAFD290EB3D10038BB05 /* NewsAPIResponse.swift in Sources */ = {isa = PBXBuildFile; fileRef = 6EA7AAFC290EB3D10038BB05 /* NewsAPIResponse.swift */; };
		6EA7AB00290EB98A0038BB05 /* ArticleRowView.swift in Sources */ = {isa = PBXBuildFile; fileRef = 6EA7AAFF290EB98A0038BB05 /* ArticleRowView.swift */; };
		6EA7AB03290EC1950038BB05 /* ArticleListView.swift in Sources */ = {isa = PBXBuildFile; fileRef = 6EA7AB02290EC1950038BB05 /* ArticleListView.swift */; };
		6EF846D02928CCBC008800D3 /* ArticleBookmarkViewModel.swift in Sources */ = {isa = PBXBuildFile; fileRef = 6EF846CF2928CCBC008800D3 /* ArticleBookmarkViewModel.swift */; };
		6EFF57522912A325007E19DF /* SafariView.swift in Sources */ = {isa = PBXBuildFile; fileRef = 6EFF57512912A325007E19DF /* SafariView.swift */; };
		6EFF57552912A982007E19DF /* NewsAPI.swift in Sources */ = {isa = PBXBuildFile; fileRef = 6EFF57542912A982007E19DF /* NewsAPI.swift */; };
		6EFF57572912ABFE007E19DF /* Category.swift in Sources */ = {isa = PBXBuildFile; fileRef = 6EFF57562912ABFE007E19DF /* Category.swift */; };
		6EFF575A2912B8B4007E19DF /* ArticleNewsViewModel.swift in Sources */ = {isa = PBXBuildFile; fileRef = 6EFF57592912B8B4007E19DF /* ArticleNewsViewModel.swift */; };
		6EFF575C29141BA2007E19DF /* NewsTabView.swift in Sources */ = {isa = PBXBuildFile; fileRef = 6EFF575B29141BA2007E19DF /* NewsTabView.swift */; };
		6EFF575E29142035007E19DF /* EmptyPlaceholderView.swift in Sources */ = {isa = PBXBuildFile; fileRef = 6EFF575D29142035007E19DF /* EmptyPlaceholderView.swift */; };
		6EFF5760291420B0007E19DF /* RetryView.swift in Sources */ = {isa = PBXBuildFile; fileRef = 6EFF575F291420B0007E19DF /* RetryView.swift */; };
/* End PBXBuildFile section */

/* Begin PBXFileReference section */
		6E33F3902928D53C00435C84 /* BookmarkTabView.swift */ = {isa = PBXFileReference; lastKnownFileType = sourcecode.swift; path = BookmarkTabView.swift; sourceTree = "<group>"; };
		6E33F3922928E65000435C84 /* DataStore.swift */ = {isa = PBXFileReference; lastKnownFileType = sourcecode.swift; path = DataStore.swift; sourceTree = "<group>"; };
		6E33F3B6292E1BAA00435C84 /* ArticleSearchViewModel.swift */ = {isa = PBXFileReference; lastKnownFileType = sourcecode.swift; path = ArticleSearchViewModel.swift; sourceTree = "<group>"; };
		6E33F3B8292E21EE00435C84 /* SearchTabView.swift */ = {isa = PBXFileReference; lastKnownFileType = sourcecode.swift; path = SearchTabView.swift; sourceTree = "<group>"; };
		6E33F3BA292E2CDF00435C84 /* SearchHistoryListView.swift */ = {isa = PBXFileReference; lastKnownFileType = sourcecode.swift; path = SearchHistoryListView.swift; sourceTree = "<group>"; };
		6EA7AAE6290EA5370038BB05 /* NewsApp.app */ = {isa = PBXFileReference; explicitFileType = wrapper.application; includeInIndex = 0; path = NewsApp.app; sourceTree = BUILT_PRODUCTS_DIR; };
		6EA7AAE9290EA5370038BB05 /* NewsAppApp.swift */ = {isa = PBXFileReference; lastKnownFileType = sourcecode.swift; path = NewsAppApp.swift; sourceTree = "<group>"; };
		6EA7AAEB290EA5370038BB05 /* ContentView.swift */ = {isa = PBXFileReference; lastKnownFileType = sourcecode.swift; path = ContentView.swift; sourceTree = "<group>"; };
		6EA7AAED290EA5390038BB05 /* Assets.xcassets */ = {isa = PBXFileReference; lastKnownFileType = folder.assetcatalog; path = Assets.xcassets; sourceTree = "<group>"; };
		6EA7AAF0290EA5390038BB05 /* Preview Assets.xcassets */ = {isa = PBXFileReference; lastKnownFileType = folder.assetcatalog; path = "Preview Assets.xcassets"; sourceTree = "<group>"; };
		6EA7AAF7290EA8340038BB05 /* news.json */ = {isa = PBXFileReference; lastKnownFileType = text.json; path = news.json; sourceTree = "<group>"; };
		6EA7AAFA290EA8BB0038BB05 /* Article.swift */ = {isa = PBXFileReference; lastKnownFileType = sourcecode.swift; path = Article.swift; sourceTree = "<group>"; };
		6EA7AAFC290EB3D10038BB05 /* NewsAPIResponse.swift */ = {isa = PBXFileReference; lastKnownFileType = sourcecode.swift; path = NewsAPIResponse.swift; sourceTree = "<group>"; };
		6EA7AAFF290EB98A0038BB05 /* ArticleRowView.swift */ = {isa = PBXFileReference; lastKnownFileType = sourcecode.swift; path = ArticleRowView.swift; sourceTree = "<group>"; };
		6EA7AB01290EBE490038BB05 /* Info.plist */ = {isa = PBXFileReference; lastKnownFileType = text.plist; path = Info.plist; sourceTree = "<group>"; };
		6EA7AB02290EC1950038BB05 /* ArticleListView.swift */ = {isa = PBXFileReference; lastKnownFileType = sourcecode.swift; path = ArticleListView.swift; sourceTree = "<group>"; };
		6EF846CF2928CCBC008800D3 /* ArticleBookmarkViewModel.swift */ = {isa = PBXFileReference; lastKnownFileType = sourcecode.swift; path = ArticleBookmarkViewModel.swift; sourceTree = "<group>"; };
		6EFF57512912A325007E19DF /* SafariView.swift */ = {isa = PBXFileReference; lastKnownFileType = sourcecode.swift; path = SafariView.swift; sourceTree = "<group>"; };
		6EFF57542912A982007E19DF /* NewsAPI.swift */ = {isa = PBXFileReference; lastKnownFileType = sourcecode.swift; path = NewsAPI.swift; sourceTree = "<group>"; };
		6EFF57562912ABFE007E19DF /* Category.swift */ = {isa = PBXFileReference; lastKnownFileType = sourcecode.swift; path = Category.swift; sourceTree = "<group>"; };
		6EFF57592912B8B4007E19DF /* ArticleNewsViewModel.swift */ = {isa = PBXFileReference; lastKnownFileType = sourcecode.swift; path = ArticleNewsViewModel.swift; sourceTree = "<group>"; };
		6EFF575B29141BA2007E19DF /* NewsTabView.swift */ = {isa = PBXFileReference; lastKnownFileType = sourcecode.swift; path = NewsTabView.swift; sourceTree = "<group>"; };
		6EFF575D29142035007E19DF /* EmptyPlaceholderView.swift */ = {isa = PBXFileReference; lastKnownFileType = sourcecode.swift; path = EmptyPlaceholderView.swift; sourceTree = "<group>"; };
		6EFF575F291420B0007E19DF /* RetryView.swift */ = {isa = PBXFileReference; lastKnownFileType = sourcecode.swift; path = RetryView.swift; sourceTree = "<group>"; };
/* End PBXFileReference section */

/* Begin PBXFrameworksBuildPhase section */
		6EA7AAE3290EA5370038BB05 /* Frameworks */ = {
			isa = PBXFrameworksBuildPhase;
			buildActionMask = 2147483647;
			files = (
			);
			runOnlyForDeploymentPostprocessing = 0;
		};
/* End PBXFrameworksBuildPhase section */

/* Begin PBXGroup section */
		6EA7AADD290EA5370038BB05 = {
			isa = PBXGroup;
			children = (
				6EA7AAE8290EA5370038BB05 /* NewsApp */,
				6EA7AAE7290EA5370038BB05 /* Products */,
			);
			sourceTree = "<group>";
		};
		6EA7AAE7290EA5370038BB05 /* Products */ = {
			isa = PBXGroup;
			children = (
				6EA7AAE6290EA5370038BB05 /* NewsApp.app */,
			);
			name = Products;
			sourceTree = "<group>";
		};
		6EA7AAE8290EA5370038BB05 /* NewsApp */ = {
			isa = PBXGroup;
			children = (
				6EA7AB01290EBE490038BB05 /* Info.plist */,
				6EA7AAE9290EA5370038BB05 /* NewsAppApp.swift */,
				6EA7AAEB290EA5370038BB05 /* ContentView.swift */,
				6EA7AAED290EA5390038BB05 /* Assets.xcassets */,
				6EA7AAF7290EA8340038BB05 /* news.json */,
				6EFF57532912A96D007E19DF /* API */,
				6EA7AAF9290EA8B10038BB05 /* Models */,
				6EA7AAFE290EB63A0038BB05 /* Views */,
				6EFF57582912B89F007E19DF /* ViewModels */,
				6EA7AAEF290EA5390038BB05 /* Preview Content */,
			);
			path = NewsApp;
			sourceTree = "<group>";
		};
		6EA7AAEF290EA5390038BB05 /* Preview Content */ = {
			isa = PBXGroup;
			children = (
				6EA7AAF0290EA5390038BB05 /* Preview Assets.xcassets */,
			);
			path = "Preview Content";
			sourceTree = "<group>";
		};
		6EA7AAF9290EA8B10038BB05 /* Models */ = {
			isa = PBXGroup;
			children = (
				6EA7AAFA290EA8BB0038BB05 /* Article.swift */,
				6EA7AAFC290EB3D10038BB05 /* NewsAPIResponse.swift */,
				6EFF57562912ABFE007E19DF /* Category.swift */,
				6E33F3922928E65000435C84 /* DataStore.swift */,
			);
			path = Models;
			sourceTree = "<group>";
		};
		6EA7AAFE290EB63A0038BB05 /* Views */ = {
			isa = PBXGroup;
			children = (
				6EA7AAFF290EB98A0038BB05 /* ArticleRowView.swift */,
				6EA7AB02290EC1950038BB05 /* ArticleListView.swift */,
				6EFF57512912A325007E19DF /* SafariView.swift */,
				6EFF575B29141BA2007E19DF /* NewsTabView.swift */,
				6EFF575F291420B0007E19DF /* RetryView.swift */,
				6EFF575D29142035007E19DF /* EmptyPlaceholderView.swift */,
				6E33F3902928D53C00435C84 /* BookmarkTabView.swift */,
				6E33F3B8292E21EE00435C84 /* SearchTabView.swift */,
				6E33F3BA292E2CDF00435C84 /* SearchHistoryListView.swift */,
			);
			path = Views;
			sourceTree = "<group>";
		};
		6EFF57532912A96D007E19DF /* API */ = {
			isa = PBXGroup;
			children = (
				6EFF57542912A982007E19DF /* NewsAPI.swift */,
			);
			path = API;
			sourceTree = "<group>";
		};
		6EFF57582912B89F007E19DF /* ViewModels */ = {
			isa = PBXGroup;
			children = (
				6EFF57592912B8B4007E19DF /* ArticleNewsViewModel.swift */,
				6EF846CF2928CCBC008800D3 /* ArticleBookmarkViewModel.swift */,
				6E33F3B6292E1BAA00435C84 /* ArticleSearchViewModel.swift */,
			);
			path = ViewModels;
			sourceTree = "<group>";
		};
/* End PBXGroup section */

/* Begin PBXNativeTarget section */
		6EA7AAE5290EA5370038BB05 /* NewsApp */ = {
			isa = PBXNativeTarget;
			buildConfigurationList = 6EA7AAF4290EA5390038BB05 /* Build configuration list for PBXNativeTarget "NewsApp" */;
			buildPhases = (
				6EA7AAE2290EA5370038BB05 /* Sources */,
				6EA7AAE3290EA5370038BB05 /* Frameworks */,
				6EA7AAE4290EA5370038BB05 /* Resources */,
			);
			buildRules = (
			);
			dependencies = (
			);
			name = NewsApp;
			productName = NewsApp;
			productReference = 6EA7AAE6290EA5370038BB05 /* NewsApp.app */;
			productType = "com.apple.product-type.application";
		};
/* End PBXNativeTarget section */

/* Begin PBXProject section */
		6EA7AADE290EA5370038BB05 /* Project object */ = {
			isa = PBXProject;
			attributes = {
				BuildIndependentTargetsInParallel = 1;
				LastSwiftUpdateCheck = 1400;
				LastUpgradeCheck = 1400;
				TargetAttributes = {
					6EA7AAE5290EA5370038BB05 = {
						CreatedOnToolsVersion = 14.0.1;
					};
				};
			};
			buildConfigurationList = 6EA7AAE1290EA5370038BB05 /* Build configuration list for PBXProject "NewsApp" */;
			compatibilityVersion = "Xcode 14.0";
			developmentRegion = en;
			hasScannedForEncodings = 0;
			knownRegions = (
				en,
				Base,
			);
			mainGroup = 6EA7AADD290EA5370038BB05;
			productRefGroup = 6EA7AAE7290EA5370038BB05 /* Products */;
			projectDirPath = "";
			projectRoot = "";
			targets = (
				6EA7AAE5290EA5370038BB05 /* NewsApp */,
			);
		};
/* End PBXProject section */

/* Begin PBXResourcesBuildPhase section */
		6EA7AAE4290EA5370038BB05 /* Resources */ = {
			isa = PBXResourcesBuildPhase;
			buildActionMask = 2147483647;
			files = (
				6EA7AAF8290EA8340038BB05 /* news.json in Resources */,
				6EA7AAF1290EA5390038BB05 /* Preview Assets.xcassets in Resources */,
				6EA7AAEE290EA5390038BB05 /* Assets.xcassets in Resources */,
			);
			runOnlyForDeploymentPostprocessing = 0;
		};
/* End PBXResourcesBuildPhase section */

/* Begin PBXSourcesBuildPhase section */
		6EA7AAE2290EA5370038BB05 /* Sources */ = {
			isa = PBXSourcesBuildPhase;
			buildActionMask = 2147483647;
			files = (
				6EA7AAEC290EA5370038BB05 /* ContentView.swift in Sources */,
				6E33F3932928E65000435C84 /* DataStore.swift in Sources */,
				6EA7AB03290EC1950038BB05 /* ArticleListView.swift in Sources */,
				6EFF575E29142035007E19DF /* EmptyPlaceholderView.swift in Sources */,
				6EA7AB00290EB98A0038BB05 /* ArticleRowView.swift in Sources */,
				6E33F3BB292E2CDF00435C84 /* SearchHistoryListView.swift in Sources */,
				6EFF5760291420B0007E19DF /* RetryView.swift in Sources */,
				6EFF575A2912B8B4007E19DF /* ArticleNewsViewModel.swift in Sources */,
				6EA7AAEA290EA5370038BB05 /* NewsAppApp.swift in Sources */,
				6E33F3B9292E21EE00435C84 /* SearchTabView.swift in Sources */,
				6E33F3B7292E1BAA00435C84 /* ArticleSearchViewModel.swift in Sources */,
				6EA7AAFD290EB3D10038BB05 /* NewsAPIResponse.swift in Sources */,
				6EFF57572912ABFE007E19DF /* Category.swift in Sources */,
				6EF846D02928CCBC008800D3 /* ArticleBookmarkViewModel.swift in Sources */,
				6EFF575C29141BA2007E19DF /* NewsTabView.swift in Sources */,
				6EA7AAFB290EA8BB0038BB05 /* Article.swift in Sources */,
				6EFF57522912A325007E19DF /* SafariView.swift in Sources */,
				6EFF57552912A982007E19DF /* NewsAPI.swift in Sources */,
				6E33F3912928D53C00435C84 /* BookmarkTabView.swift in Sources */,
			);
			runOnlyForDeploymentPostprocessing = 0;
		};
/* End PBXSourcesBuildPhase section */

/* Begin XCBuildConfiguration section */
		6EA7AAF2290EA5390038BB05 /* Debug */ = {
			isa = XCBuildConfiguration;
			buildSettings = {
				ALWAYS_SEARCH_USER_PATHS = NO;
				CLANG_ANALYZER_NONNULL = YES;
				CLANG_ANALYZER_NUMBER_OBJECT_CONVERSION = YES_AGGRESSIVE;
				CLANG_CXX_LANGUAGE_STANDARD = "gnu++20";
				CLANG_ENABLE_MODULES = YES;
				CLANG_ENABLE_OBJC_ARC = YES;
				CLANG_ENABLE_OBJC_WEAK = YES;
				CLANG_WARN_BLOCK_CAPTURE_AUTORELEASING = YES;
				CLANG_WARN_BOOL_CONVERSION = YES;
				CLANG_WARN_COMMA = YES;
				CLANG_WARN_CONSTANT_CONVERSION = YES;
				CLANG_WARN_DEPRECATED_OBJC_IMPLEMENTATIONS = YES;
				CLANG_WARN_DIRECT_OBJC_ISA_USAGE = YES_ERROR;
				CLANG_WARN_DOCUMENTATION_COMMENTS = YES;
				CLANG_WARN_EMPTY_BODY = YES;
				CLANG_WARN_ENUM_CONVERSION = YES;
				CLANG_WARN_INFINITE_RECURSION = YES;
				CLANG_WARN_INT_CONVERSION = YES;
				CLANG_WARN_NON_LITERAL_NULL_CONVERSION = YES;
				CLANG_WARN_OBJC_IMPLICIT_RETAIN_SELF = YES;
				CLANG_WARN_OBJC_LITERAL_CONVERSION = YES;
				CLANG_WARN_OBJC_ROOT_CLASS = YES_ERROR;
				CLANG_WARN_QUOTED_INCLUDE_IN_FRAMEWORK_HEADER = YES;
				CLANG_WARN_RANGE_LOOP_ANALYSIS = YES;
				CLANG_WARN_STRICT_PROTOTYPES = YES;
				CLANG_WARN_SUSPICIOUS_MOVE = YES;
				CLANG_WARN_UNGUARDED_AVAILABILITY = YES_AGGRESSIVE;
				CLANG_WARN_UNREACHABLE_CODE = YES;
				CLANG_WARN__DUPLICATE_METHOD_MATCH = YES;
				COPY_PHASE_STRIP = NO;
				DEBUG_INFORMATION_FORMAT = dwarf;
				ENABLE_STRICT_OBJC_MSGSEND = YES;
				ENABLE_TESTABILITY = YES;
				GCC_C_LANGUAGE_STANDARD = gnu11;
				GCC_DYNAMIC_NO_PIC = NO;
				GCC_NO_COMMON_BLOCKS = YES;
				GCC_OPTIMIZATION_LEVEL = 0;
				GCC_PREPROCESSOR_DEFINITIONS = (
					"DEBUG=1",
					"$(inherited)",
				);
				GCC_WARN_64_TO_32_BIT_CONVERSION = YES;
				GCC_WARN_ABOUT_RETURN_TYPE = YES_ERROR;
				GCC_WARN_UNDECLARED_SELECTOR = YES;
				GCC_WARN_UNINITIALIZED_AUTOS = YES_AGGRESSIVE;
				GCC_WARN_UNUSED_FUNCTION = YES;
				GCC_WARN_UNUSED_VARIABLE = YES;
				IPHONEOS_DEPLOYMENT_TARGET = 16.0;
				MTL_ENABLE_DEBUG_INFO = INCLUDE_SOURCE;
				MTL_FAST_MATH = YES;
				ONLY_ACTIVE_ARCH = YES;
				SDKROOT = iphoneos;
				SWIFT_ACTIVE_COMPILATION_CONDITIONS = DEBUG;
				SWIFT_OPTIMIZATION_LEVEL = "-Onone";
			};
			name = Debug;
		};
		6EA7AAF3290EA5390038BB05 /* Release */ = {
			isa = XCBuildConfiguration;
			buildSettings = {
				ALWAYS_SEARCH_USER_PATHS = NO;
				CLANG_ANALYZER_NONNULL = YES;
				CLANG_ANALYZER_NUMBER_OBJECT_CONVERSION = YES_AGGRESSIVE;
				CLANG_CXX_LANGUAGE_STANDARD = "gnu++20";
				CLANG_ENABLE_MODULES = YES;
				CLANG_ENABLE_OBJC_ARC = YES;
				CLANG_ENABLE_OBJC_WEAK = YES;
				CLANG_WARN_BLOCK_CAPTURE_AUTORELEASING = YES;
				CLANG_WARN_BOOL_CONVERSION = YES;
				CLANG_WARN_COMMA = YES;
				CLANG_WARN_CONSTANT_CONVERSION = YES;
				CLANG_WARN_DEPRECATED_OBJC_IMPLEMENTATIONS = YES;
				CLANG_WARN_DIRECT_OBJC_ISA_USAGE = YES_ERROR;
				CLANG_WARN_DOCUMENTATION_COMMENTS = YES;
				CLANG_WARN_EMPTY_BODY = YES;
				CLANG_WARN_ENUM_CONVERSION = YES;
				CLANG_WARN_INFINITE_RECURSION = YES;
				CLANG_WARN_INT_CONVERSION = YES;
				CLANG_WARN_NON_LITERAL_NULL_CONVERSION = YES;
				CLANG_WARN_OBJC_IMPLICIT_RETAIN_SELF = YES;
				CLANG_WARN_OBJC_LITERAL_CONVERSION = YES;
				CLANG_WARN_OBJC_ROOT_CLASS = YES_ERROR;
				CLANG_WARN_QUOTED_INCLUDE_IN_FRAMEWORK_HEADER = YES;
				CLANG_WARN_RANGE_LOOP_ANALYSIS = YES;
				CLANG_WARN_STRICT_PROTOTYPES = YES;
				CLANG_WARN_SUSPICIOUS_MOVE = YES;
				CLANG_WARN_UNGUARDED_AVAILABILITY = YES_AGGRESSIVE;
				CLANG_WARN_UNREACHABLE_CODE = YES;
				CLANG_WARN__DUPLICATE_METHOD_MATCH = YES;
				COPY_PHASE_STRIP = NO;
				DEBUG_INFORMATION_FORMAT = "dwarf-with-dsym";
				ENABLE_NS_ASSERTIONS = NO;
				ENABLE_STRICT_OBJC_MSGSEND = YES;
				GCC_C_LANGUAGE_STANDARD = gnu11;
				GCC_NO_COMMON_BLOCKS = YES;
				GCC_WARN_64_TO_32_BIT_CONVERSION = YES;
				GCC_WARN_ABOUT_RETURN_TYPE = YES_ERROR;
				GCC_WARN_UNDECLARED_SELECTOR = YES;
				GCC_WARN_UNINITIALIZED_AUTOS = YES_AGGRESSIVE;
				GCC_WARN_UNUSED_FUNCTION = YES;
				GCC_WARN_UNUSED_VARIABLE = YES;
				IPHONEOS_DEPLOYMENT_TARGET = 16.0;
				MTL_ENABLE_DEBUG_INFO = NO;
				MTL_FAST_MATH = YES;
				SDKROOT = iphoneos;
				SWIFT_COMPILATION_MODE = wholemodule;
				SWIFT_OPTIMIZATION_LEVEL = "-O";
				VALIDATE_PRODUCT = YES;
			};
			name = Release;
		};
		6EA7AAF5290EA5390038BB05 /* Debug */ = {
			isa = XCBuildConfiguration;
			buildSettings = {
				ASSETCATALOG_COMPILER_APPICON_NAME = AppIcon;
				ASSETCATALOG_COMPILER_GLOBAL_ACCENT_COLOR_NAME = AccentColor;
				CODE_SIGN_STYLE = Automatic;
				CURRENT_PROJECT_VERSION = 1;
				DEVELOPMENT_ASSET_PATHS = "\"NewsApp/Preview Content\"";
				DEVELOPMENT_TEAM = K3WRS2Q255;
				ENABLE_PREVIEWS = YES;
				GENERATE_INFOPLIST_FILE = YES;
				INFOPLIST_FILE = NewsApp/Info.plist;
				INFOPLIST_KEY_UIApplicationSceneManifest_Generation = YES;
				INFOPLIST_KEY_UIApplicationSupportsIndirectInputEvents = YES;
				INFOPLIST_KEY_UILaunchScreen_Generation = YES;
				INFOPLIST_KEY_UISupportedInterfaceOrientations_iPad = "UIInterfaceOrientationPortrait UIInterfaceOrientationPortraitUpsideDown UIInterfaceOrientationLandscapeLeft UIInterfaceOrientationLandscapeRight";
				INFOPLIST_KEY_UISupportedInterfaceOrientations_iPhone = "UIInterfaceOrientationPortrait UIInterfaceOrientationLandscapeLeft UIInterfaceOrientationLandscapeRight";
				LD_RUNPATH_SEARCH_PATHS = (
					"$(inherited)",
					"@executable_path/Frameworks",
				);
				MARKETING_VERSION = 1.0;
				PRODUCT_BUNDLE_IDENTIFIER = com.bahertamer.NewsApp;
				PRODUCT_NAME = "$(TARGET_NAME)";
				SWIFT_EMIT_LOC_STRINGS = YES;
				SWIFT_VERSION = 5.0;
				TARGETED_DEVICE_FAMILY = "1,2";
			};
			name = Debug;
		};
		6EA7AAF6290EA5390038BB05 /* Release */ = {
			isa = XCBuildConfiguration;
			buildSettings = {
				ASSETCATALOG_COMPILER_APPICON_NAME = AppIcon;
				ASSETCATALOG_COMPILER_GLOBAL_ACCENT_COLOR_NAME = AccentColor;
				CODE_SIGN_STYLE = Automatic;
				CURRENT_PROJECT_VERSION = 1;
				DEVELOPMENT_ASSET_PATHS = "\"NewsApp/Preview Content\"";
				DEVELOPMENT_TEAM = K3WRS2Q255;
				ENABLE_PREVIEWS = YES;
				GENERATE_INFOPLIST_FILE = YES;
				INFOPLIST_FILE = NewsApp/Info.plist;
				INFOPLIST_KEY_UIApplicationSceneManifest_Generation = YES;
				INFOPLIST_KEY_UIApplicationSupportsIndirectInputEvents = YES;
				INFOPLIST_KEY_UILaunchScreen_Generation = YES;
				INFOPLIST_KEY_UISupportedInterfaceOrientations_iPad = "UIInterfaceOrientationPortrait UIInterfaceOrientationPortraitUpsideDown UIInterfaceOrientationLandscapeLeft UIInterfaceOrientationLandscapeRight";
				INFOPLIST_KEY_UISupportedInterfaceOrientations_iPhone = "UIInterfaceOrientationPortrait UIInterfaceOrientationLandscapeLeft UIInterfaceOrientationLandscapeRight";
				LD_RUNPATH_SEARCH_PATHS = (
					"$(inherited)",
					"@executable_path/Frameworks",
				);
				MARKETING_VERSION = 1.0;
				PRODUCT_BUNDLE_IDENTIFIER = com.bahertamer.NewsApp;
				PRODUCT_NAME = "$(TARGET_NAME)";
				SWIFT_EMIT_LOC_STRINGS = YES;
				SWIFT_VERSION = 5.0;
				TARGETED_DEVICE_FAMILY = "1,2";
			};
			name = Release;
		};
/* End XCBuildConfiguration section */

/* Begin XCConfigurationList section */
		6EA7AAE1290EA5370038BB05 /* Build configuration list for PBXProject "NewsApp" */ = {
			isa = XCConfigurationList;
			buildConfigurations = (
				6EA7AAF2290EA5390038BB05 /* Debug */,
				6EA7AAF3290EA5390038BB05 /* Release */,
			);
			defaultConfigurationIsVisible = 0;
			defaultConfigurationName = Release;
		};
		6EA7AAF4290EA5390038BB05 /* Build configuration list for PBXNativeTarget "NewsApp" */ = {
			isa = XCConfigurationList;
			buildConfigurations = (
				6EA7AAF5290EA5390038BB05 /* Debug */,
				6EA7AAF6290EA5390038BB05 /* Release */,
			);
			defaultConfigurationIsVisible = 0;
			defaultConfigurationName = Release;
		};
/* End XCConfigurationList section */
	};
	rootObject = 6EA7AADE290EA5370038BB05 /* Project object */;
}
